
Microsoft Visual Studio Solution File, Format Version 12.00
# Visual Studio Version 16
VisualStudioVersion = 16.0.32630.194
MinimumVisualStudioVersion = 10.0.40219.1
Project("{9A19103F-16F7-4668-BE54-9A1E7A4F7556}") = "SzkolenieUT", "SzkolenieUT\SzkolenieUT.csproj", "{976B6273-FEEF-44BE-8871-72B95DE0581C}"
EndProject
Project("{9A19103F-16F7-4668-BE54-9A1E7A4F7556}") = "SzkolenieUT.Services", "SzkolenieUT.Services\SzkolenieUT.Services.csproj", "{D7DA2417-A3E9-4EA3-BC56-E12D3832FDE1}"
EndProject
Project("{9A19103F-16F7-4668-BE54-9A1E7A4F7556}") = "SzkolenieUT.Model", "SzkolenieUT.Model\SzkolenieUT.Model.csproj", "{D31E2F5A-37B2-4016-8706-288882BA8E80}"
EndProject
Project("{2150E333-8FDC-42A3-9474-1A3956D46DE8}") = "Tests", "Tests", "{51DE0335-8244-4706-9C3C-C206CD869DD7}"
EndProject
Project("{2150E333-8FDC-42A3-9474-1A3956D46DE8}") = "e2e", "e2e", "{7029EF3A-CAAD-4604-9814-CB12FC87EB3B}"
EndProject
Project("{2150E333-8FDC-42A3-9474-1A3956D46DE8}") = "Integration", "Integration", "{25E6D849-184F-4B71-831B-5551B16671B8}"
EndProject
Project("{2150E333-8FDC-42A3-9474-1A3956D46DE8}") = "Unit", "Unit", "{CAA0F5AA-2511-4151-89DA-15634454EA1F}"
EndProject
Project("{9A19103F-16F7-4668-BE54-9A1E7A4F7556}") = "SzkolenieUT.Services.Tests", "Tests\Unit\SzkolenieUT.Services.Tests\SzkolenieUT.Services.Tests.csproj", "{68141CDB-BA9A-4098-BDA2-7CA486C53B6C}"
EndProject
Project("{2150E333-8FDC-42A3-9474-1A3956D46DE8}") = "Solution Items", "Solution Items", "{C602DCAA-4A85-4375-ACAE-E684DF96F3C5}"
	ProjectSection(SolutionItems) = preProject
		.editorconfig = .editorconfig
	EndProjectSection
EndProject
Project("{FAE04EC0-301F-11D3-BF4B-00C04F79EFBC}") = "SzkolenieUT.Services.FluentTests", "Tests\Unit\SzkolenieUT.Services.FluentTests\SzkolenieUT.Services.FluentTests\SzkolenieUT.Services.FluentTests.csproj", "{C43B7B59-9EB0-4B5D-89AD-A8D5452C348A}"
EndProject
Global
	GlobalSection(SolutionConfigurationPlatforms) = preSolution
		Debug|Any CPU = Debug|Any CPU
		Release|Any CPU = Release|Any CPU
	EndGlobalSection
	GlobalSection(ProjectConfigurationPlatforms) = postSolution
		{976B6273-FEEF-44BE-8871-72B95DE0581C}.Debug|Any CPU.ActiveCfg = Debug|Any CPU
		{976B6273-FEEF-44BE-8871-72B95DE0581C}.Debug|Any CPU.Build.0 = Debug|Any CPU
		{976B6273-FEEF-44BE-8871-72B95DE0581C}.Release|Any CPU.ActiveCfg = Release|Any CPU
		{976B6273-FEEF-44BE-8871-72B95DE0581C}.Release|Any CPU.Build.0 = Release|Any CPU
		{D7DA2417-A3E9-4EA3-BC56-E12D3832FDE1}.Debug|Any CPU.ActiveCfg = Debug|Any CPU
		{D7DA2417-A3E9-4EA3-BC56-E12D3832FDE1}.Debug|Any CPU.Build.0 = Debug|Any CPU
		{D7DA2417-A3E9-4EA3-BC56-E12D3832FDE1}.Release|Any CPU.ActiveCfg = Release|Any CPU
		{D7DA2417-A3E9-4EA3-BC56-E12D3832FDE1}.Release|Any CPU.Build.0 = Release|Any CPU
		{D31E2F5A-37B2-4016-8706-288882BA8E80}.Debug|Any CPU.ActiveCfg = Debug|Any CPU
		{D31E2F5A-37B2-4016-8706-288882BA8E80}.Debug|Any CPU.Build.0 = Debug|Any CPU
		{D31E2F5A-37B2-4016-8706-288882BA8E80}.Release|Any CPU.ActiveCfg = Release|Any CPU
		{D31E2F5A-37B2-4016-8706-288882BA8E80}.Release|Any CPU.Build.0 = Release|Any CPU
		{68141CDB-BA9A-4098-BDA2-7CA486C53B6C}.Debug|Any CPU.ActiveCfg = Debug|Any CPU
		{68141CDB-BA9A-4098-BDA2-7CA486C53B6C}.Debug|Any CPU.Build.0 = Debug|Any CPU
		{68141CDB-BA9A-4098-BDA2-7CA486C53B6C}.Release|Any CPU.ActiveCfg = Release|Any CPU
		{68141CDB-BA9A-4098-BDA2-7CA486C53B6C}.Release|Any CPU.Build.0 = Release|Any CPU
		{C43B7B59-9EB0-4B5D-89AD-A8D5452C348A}.Debug|Any CPU.ActiveCfg = Debug|Any CPU
		{C43B7B59-9EB0-4B5D-89AD-A8D5452C348A}.Debug|Any CPU.Build.0 = Debug|Any CPU
		{C43B7B59-9EB0-4B5D-89AD-A8D5452C348A}.Release|Any CPU.ActiveCfg = Release|Any CPU
		{C43B7B59-9EB0-4B5D-89AD-A8D5452C348A}.Release|Any CPU.Build.0 = Release|Any CPU
	EndGlobalSection
	GlobalSection(SolutionProperties) = preSolution
		HideSolutionNode = FALSE
	EndGlobalSection
	GlobalSection(NestedProjects) = preSolution
		{7029EF3A-CAAD-4604-9814-CB12FC87EB3B} = {51DE0335-8244-4706-9C3C-C206CD869DD7}
		{25E6D849-184F-4B71-831B-5551B16671B8} = {51DE0335-8244-4706-9C3C-C206CD869DD7}
		{CAA0F5AA-2511-4151-89DA-15634454EA1F} = {51DE0335-8244-4706-9C3C-C206CD869DD7}
		{68141CDB-BA9A-4098-BDA2-7CA486C53B6C} = {CAA0F5AA-2511-4151-89DA-15634454EA1F}
		{C43B7B59-9EB0-4B5D-89AD-A8D5452C348A} = {CAA0F5AA-2511-4151-89DA-15634454EA1F}
	EndGlobalSection
	GlobalSection(ExtensibilityGlobals) = postSolution
		SolutionGuid = {F41741CF-D4AD-416D-A9EA-2406D2F5A09C}
	EndGlobalSection
EndGlobal
